
Microsoft Visual Studio Solution File, Format Version 12.00
# Visual Studio Version 16
VisualStudioVersion = 16.0.30320.27
MinimumVisualStudioVersion = 10.0.40219.1
Project("{9A19103F-16F7-4668-BE54-9A1E7A4F7556}") = "LunarDoggo.ConsoleIO", "LunarDoggo.Beginners.ConsoleIO\LunarDoggo.ConsoleIO.csproj", "{897DEAB7-A5F6-4030-89D8-0DE3AA6A71A3}"
EndProject
Project("{2150E333-8FDC-42A3-9474-1A3956D46DE8}") = "Solution Items", "Solution Items", "{0C6CDEED-71CC-4A40-8C27-7E267EFAAC88}"
	ProjectSection(SolutionItems) = preProject
		.gitignore = .gitignore
		LICENSE = LICENSE
		README.md = README.md
	EndProjectSection
EndProject
Project("{9A19103F-16F7-4668-BE54-9A1E7A4F7556}") = "LunarDoggo.ConsoleIOValidation", "LunarDoggo.Beginners.ConsoleIOValidation\LunarDoggo.ConsoleIOValidation.csproj", "{A8D83E8B-A5D8-4B74-AF98-46C1B458CAD2}"
EndProject
Project("{9A19103F-16F7-4668-BE54-9A1E7A4F7556}") = "LunarDoggo.FileSystemTree", "LunarDoggo.FileSystemTree\LunarDoggo.FileSystemTree.csproj", "{883884B1-0791-4C9F-B497-543FD7D7C228}"
EndProject
Project("{9A19103F-16F7-4668-BE54-9A1E7A4F7556}") = "LunarDoggo.QuizGame", "LunarDoggo.QuizGame\LunarDoggo.QuizGame.csproj", "{B95D0A2F-14F5-482A-8640-56B84AB570D3}"
EndProject
Project("{FAE04EC0-301F-11D3-BF4B-00C04F79EFBC}") = "LunarDoggo.TicTacToe", "LunarDoggo.TicTacToe\LunarDoggo.TicTacToe.csproj", "{6E55DCAE-9F1F-4438-843C-36A8C436FEE7}"
EndProject
Project("{2150E333-8FDC-42A3-9474-1A3956D46DE8}") = "LunarDoggo.QuizGame.Test", "LunarDoggo.QuizGame.Test", "{A5B2B08E-F230-4954-93B2-A3127C6FEE9B}"
EndProject
Project("{FAE04EC0-301F-11D3-BF4B-00C04F79EFBC}") = "GameLoop_9934739d22", "LunarDoggo.QuizGame.Test\GameLoop_9934739d22\GameLoop_9934739d22.csproj", "{0BA19728-64B3-48A6-B4EB-34BC8449D492}"
EndProject
Project("{FAE04EC0-301F-11D3-BF4B-00C04F79EFBC}") = "DoTick_de9d3caf03", "LunarDoggo.QuizGame.Test\DoTick_de9d3caf03\DoTick_de9d3caf03.csproj", "{296AA1DE-E877-4DE1-883F-249000BFF545}"
EndProject
Project("{FAE04EC0-301F-11D3-BF4B-00C04F79EFBC}") = "GameState_3381fc8da9", "LunarDoggo.QuizGame.Test\GameState_3381fc8da9\GameState_3381fc8da9.csproj", "{E6A5B336-C5E5-45AA-985A-CAFBD9D336C7}"
EndProject
Project("{FAE04EC0-301F-11D3-BF4B-00C04F79EFBC}") = "MoveToNextQuestion_2455d33844", "LunarDoggo.QuizGame.Test\MoveToNextQuestion_2455d33844\MoveToNextQuestion_2455d33844.csproj", "{DAF0A9CB-0FA3-4122-BF30-39D9766C93AF}"
EndProject
Project("{FAE04EC0-301F-11D3-BF4B-00C04F79EFBC}") = "HighlightNextAnswer_945da34ac1", "LunarDoggo.QuizGame.Test\HighlightNextAnswer_945da34ac1\HighlightNextAnswer_945da34ac1.csproj", "{5D703BF6-B540-465A-8A5C-7DBF97468D70}"
EndProject
Project("{FAE04EC0-301F-11D3-BF4B-00C04F79EFBC}") = "HighlightPreviousAnswer_a80232d808", "LunarDoggo.QuizGame.Test\HighlightPreviousAnswer_a80232d808\HighlightPreviousAnswer_a80232d808.csproj", "{E42CF1B5-53D4-4746-8DD4-63849876DB9B}"
EndProject
Project("{FAE04EC0-301F-11D3-BF4B-00C04F79EFBC}") = "AnswerQuestion_82d7e10041", "LunarDoggo.QuizGame.Test\AnswerQuestion_82d7e10041\AnswerQuestion_82d7e10041.csproj", "{E1DBC5A0-3AB8-4256-85C5-092C77EBD63D}"
EndProject
Project("{2150E333-8FDC-42A3-9474-1A3956D46DE8}") = "IO.Test", "IO.Test", "{3A2C63A3-BF8C-4D1F-BEB1-16BF4FBA3A85}"
EndProject
Project("{FAE04EC0-301F-11D3-BF4B-00C04F79EFBC}") = "FileQuizQuestionSerializer_275fddd8e9", "IO.Test\FileQuizQuestionSerializer_275fddd8e9\FileQuizQuestionSerializer_275fddd8e9.csproj", "{69E8BF62-5065-459F-8885-67A45F5A67D6}"
EndProject
Project("{FAE04EC0-301F-11D3-BF4B-00C04F79EFBC}") = "DeserializeQuestions_e19f50e5a6", "IO.Test\DeserializeQuestions_e19f50e5a6\DeserializeQuestions_e19f50e5a6.csproj", "{48EE8E90-8EBF-4E7B-BDC4-A32A9907CEB2}"
EndProject
Project("{2150E333-8FDC-42A3-9474-1A3956D46DE8}") = "Visuals.Test", "Visuals.Test", "{44671C24-D3E3-4E72-9CF5-A26B4FBAF0EC}"
EndProject
Project("{FAE04EC0-301F-11D3-BF4B-00C04F79EFBC}") = "ConsoleVisualizer_55b6cef3d0", "Visuals.Test\ConsoleVisualizer_55b6cef3d0\ConsoleVisualizer_55b6cef3d0.csproj", "{48B312F1-14E2-4D44-B838-6FA1AFB36A80}"
EndProject
Project("{FAE04EC0-301F-11D3-BF4B-00C04F79EFBC}") = "DrawNoQuestions_a3570fb089", "Visuals.Test\DrawNoQuestions_a3570fb089\DrawNoQuestions_a3570fb089.csproj", "{8A435EE5-D743-4A44-96B5-6C1D0AFDB93A}"
EndProject
Project("{FAE04EC0-301F-11D3-BF4B-00C04F79EFBC}") = "DrawAnswerStatus_27e98f06a4", "Visuals.Test\DrawAnswerStatus_27e98f06a4\DrawAnswerStatus_27e98f06a4.csproj", "{EB1CC624-4FA8-4111-B5E4-64B108DF037A}"
EndProject
Project("{FAE04EC0-301F-11D3-BF4B-00C04F79EFBC}") = "DrawQuizQuestion_1d352aaa00", "Visuals.Test\DrawQuizQuestion_1d352aaa00\DrawQuizQuestion_1d352aaa00.csproj", "{5E32CF13-81E4-48C2-939F-7BFC7DDE15FC}"
EndProject
Project("{FAE04EC0-301F-11D3-BF4B-00C04F79EFBC}") = "DrawGameStart_977689871e", "Visuals.Test\DrawGameStart_977689871e\DrawGameStart_977689871e.csproj", "{587A509D-FB2A-4CD3-86B3-57A6B3C83E05}"
EndProject
Project("{FAE04EC0-301F-11D3-BF4B-00C04F79EFBC}") = "DrawGameResult_127a94cb29", "Visuals.Test\DrawGameResult_127a94cb29\DrawGameResult_127a94cb29.csproj", "{F292A775-1EC8-4CB3-9964-33EF34A9F920}"
EndProject
Project("{FAE04EC0-301F-11D3-BF4B-00C04F79EFBC}") = "DrawPlayAgain_0355656c5f", "Visuals.Test\DrawPlayAgain_0355656c5f\DrawPlayAgain_0355656c5f.csproj", "{8B482966-76F5-4DF5-A47E-6039C7746F06}"
EndProject
Global
	GlobalSection(SolutionConfigurationPlatforms) = preSolution
		Debug|Any CPU = Debug|Any CPU
		Release|Any CPU = Release|Any CPU
	EndGlobalSection
	GlobalSection(ProjectConfigurationPlatforms) = postSolution
		{897DEAB7-A5F6-4030-89D8-0DE3AA6A71A3}.Debug|Any CPU.ActiveCfg = Debug|Any CPU
		{897DEAB7-A5F6-4030-89D8-0DE3AA6A71A3}.Debug|Any CPU.Build.0 = Debug|Any CPU
		{897DEAB7-A5F6-4030-89D8-0DE3AA6A71A3}.Release|Any CPU.ActiveCfg = Release|Any CPU
		{897DEAB7-A5F6-4030-89D8-0DE3AA6A71A3}.Release|Any CPU.Build.0 = Release|Any CPU
		{A8D83E8B-A5D8-4B74-AF98-46C1B458CAD2}.Debug|Any CPU.ActiveCfg = Debug|Any CPU
		{A8D83E8B-A5D8-4B74-AF98-46C1B458CAD2}.Debug|Any CPU.Build.0 = Debug|Any CPU
		{A8D83E8B-A5D8-4B74-AF98-46C1B458CAD2}.Release|Any CPU.ActiveCfg = Release|Any CPU
		{A8D83E8B-A5D8-4B74-AF98-46C1B458CAD2}.Release|Any CPU.Build.0 = Release|Any CPU
		{883884B1-0791-4C9F-B497-543FD7D7C228}.Debug|Any CPU.ActiveCfg = Debug|Any CPU
		{883884B1-0791-4C9F-B497-543FD7D7C228}.Debug|Any CPU.Build.0 = Debug|Any CPU
		{883884B1-0791-4C9F-B497-543FD7D7C228}.Release|Any CPU.ActiveCfg = Release|Any CPU
		{883884B1-0791-4C9F-B497-543FD7D7C228}.Release|Any CPU.Build.0 = Release|Any CPU
		{B95D0A2F-14F5-482A-8640-56B84AB570D3}.Debug|Any CPU.ActiveCfg = Debug|Any CPU
		{B95D0A2F-14F5-482A-8640-56B84AB570D3}.Debug|Any CPU.Build.0 = Debug|Any CPU
		{B95D0A2F-14F5-482A-8640-56B84AB570D3}.Release|Any CPU.ActiveCfg = Release|Any CPU
		{B95D0A2F-14F5-482A-8640-56B84AB570D3}.Release|Any CPU.Build.0 = Release|Any CPU
		{6E55DCAE-9F1F-4438-843C-36A8C436FEE7}.Debug|Any CPU.ActiveCfg = Debug|Any CPU
		{6E55DCAE-9F1F-4438-843C-36A8C436FEE7}.Debug|Any CPU.Build.0 = Debug|Any CPU
		{6E55DCAE-9F1F-4438-843C-36A8C436FEE7}.Release|Any CPU.ActiveCfg = Release|Any CPU
		{6E55DCAE-9F1F-4438-843C-36A8C436FEE7}.Release|Any CPU.Build.0 = Release|Any CPU
		{0BA19728-64B3-48A6-B4EB-34BC8449D492}.Debug|Any CPU.ActiveCfg = Debug|Any CPU
		{0BA19728-64B3-48A6-B4EB-34BC8449D492}.Debug|Any CPU.Build.0 = Debug|Any CPU
		{0BA19728-64B3-48A6-B4EB-34BC8449D492}.Release|Any CPU.ActiveCfg = Release|Any CPU
		{0BA19728-64B3-48A6-B4EB-34BC8449D492}.Release|Any CPU.Build.0 = Release|Any CPU
		{296AA1DE-E877-4DE1-883F-249000BFF545}.Debug|Any CPU.ActiveCfg = Debug|Any CPU
		{296AA1DE-E877-4DE1-883F-249000BFF545}.Debug|Any CPU.Build.0 = Debug|Any CPU
		{296AA1DE-E877-4DE1-883F-249000BFF545}.Release|Any CPU.ActiveCfg = Release|Any CPU
		{296AA1DE-E877-4DE1-883F-249000BFF545}.Release|Any CPU.Build.0 = Release|Any CPU
		{E6A5B336-C5E5-45AA-985A-CAFBD9D336C7}.Debug|Any CPU.ActiveCfg = Debug|Any CPU
		{E6A5B336-C5E5-45AA-985A-CAFBD9D336C7}.Debug|Any CPU.Build.0 = Debug|Any CPU
		{E6A5B336-C5E5-45AA-985A-CAFBD9D336C7}.Release|Any CPU.ActiveCfg = Release|Any CPU
		{E6A5B336-C5E5-45AA-985A-CAFBD9D336C7}.Release|Any CPU.Build.0 = Release|Any CPU
		{DAF0A9CB-0FA3-4122-BF30-39D9766C93AF}.Debug|Any CPU.ActiveCfg = Debug|Any CPU
		{DAF0A9CB-0FA3-4122-BF30-39D9766C93AF}.Debug|Any CPU.Build.0 = Debug|Any CPU
		{DAF0A9CB-0FA3-4122-BF30-39D9766C93AF}.Release|Any CPU.ActiveCfg = Release|Any CPU
		{DAF0A9CB-0FA3-4122-BF30-39D9766C93AF}.Release|Any CPU.Build.0 = Release|Any CPU
		{5D703BF6-B540-465A-8A5C-7DBF97468D70}.Debug|Any CPU.ActiveCfg = Debug|Any CPU
		{5D703BF6-B540-465A-8A5C-7DBF97468D70}.Debug|Any CPU.Build.0 = Debug|Any CPU
		{5D703BF6-B540-465A-8A5C-7DBF97468D70}.Release|Any CPU.ActiveCfg = Release|Any CPU
		{5D703BF6-B540-465A-8A5C-7DBF97468D70}.Release|Any CPU.Build.0 = Release|Any CPU
		{E42CF1B5-53D4-4746-8DD4-63849876DB9B}.Debug|Any CPU.ActiveCfg = Debug|Any CPU
		{E42CF1B5-53D4-4746-8DD4-63849876DB9B}.Debug|Any CPU.Build.0 = Debug|Any CPU
		{E42CF1B5-53D4-4746-8DD4-63849876DB9B}.Release|Any CPU.ActiveCfg = Release|Any CPU
		{E42CF1B5-53D4-4746-8DD4-63849876DB9B}.Release|Any CPU.Build.0 = Release|Any CPU
		{E1DBC5A0-3AB8-4256-85C5-092C77EBD63D}.Debug|Any CPU.ActiveCfg = Debug|Any CPU
		{E1DBC5A0-3AB8-4256-85C5-092C77EBD63D}.Debug|Any CPU.Build.0 = Debug|Any CPU
		{E1DBC5A0-3AB8-4256-85C5-092C77EBD63D}.Release|Any CPU.ActiveCfg = Release|Any CPU
		{E1DBC5A0-3AB8-4256-85C5-092C77EBD63D}.Release|Any CPU.Build.0 = Release|Any CPU
		{69E8BF62-5065-459F-8885-67A45F5A67D6}.Debug|Any CPU.ActiveCfg = Debug|Any CPU
		{69E8BF62-5065-459F-8885-67A45F5A67D6}.Debug|Any CPU.Build.0 = Debug|Any CPU
		{69E8BF62-5065-459F-8885-67A45F5A67D6}.Release|Any CPU.ActiveCfg = Release|Any CPU
		{69E8BF62-5065-459F-8885-67A45F5A67D6}.Release|Any CPU.Build.0 = Release|Any CPU
		{48EE8E90-8EBF-4E7B-BDC4-A32A9907CEB2}.Debug|Any CPU.ActiveCfg = Debug|Any CPU
		{48EE8E90-8EBF-4E7B-BDC4-A32A9907CEB2}.Debug|Any CPU.Build.0 = Debug|Any CPU
		{48EE8E90-8EBF-4E7B-BDC4-A32A9907CEB2}.Release|Any CPU.ActiveCfg = Release|Any CPU
		{48EE8E90-8EBF-4E7B-BDC4-A32A9907CEB2}.Release|Any CPU.Build.0 = Release|Any CPU
		{48B312F1-14E2-4D44-B838-6FA1AFB36A80}.Debug|Any CPU.ActiveCfg = Debug|Any CPU
		{48B312F1-14E2-4D44-B838-6FA1AFB36A80}.Debug|Any CPU.Build.0 = Debug|Any CPU
		{48B312F1-14E2-4D44-B838-6FA1AFB36A80}.Release|Any CPU.ActiveCfg = Release|Any CPU
		{48B312F1-14E2-4D44-B838-6FA1AFB36A80}.Release|Any CPU.Build.0 = Release|Any CPU
		{8A435EE5-D743-4A44-96B5-6C1D0AFDB93A}.Debug|Any CPU.ActiveCfg = Debug|Any CPU
		{8A435EE5-D743-4A44-96B5-6C1D0AFDB93A}.Debug|Any CPU.Build.0 = Debug|Any CPU
		{8A435EE5-D743-4A44-96B5-6C1D0AFDB93A}.Release|Any CPU.ActiveCfg = Release|Any CPU
		{8A435EE5-D743-4A44-96B5-6C1D0AFDB93A}.Release|Any CPU.Build.0 = Release|Any CPU
		{EB1CC624-4FA8-4111-B5E4-64B108DF037A}.Debug|Any CPU.ActiveCfg = Debug|Any CPU
		{EB1CC624-4FA8-4111-B5E4-64B108DF037A}.Debug|Any CPU.Build.0 = Debug|Any CPU
		{EB1CC624-4FA8-4111-B5E4-64B108DF037A}.Release|Any CPU.ActiveCfg = Release|Any CPU
		{EB1CC624-4FA8-4111-B5E4-64B108DF037A}.Release|Any CPU.Build.0 = Release|Any CPU
		{5E32CF13-81E4-48C2-939F-7BFC7DDE15FC}.Debug|Any CPU.ActiveCfg = Debug|Any CPU
		{5E32CF13-81E4-48C2-939F-7BFC7DDE15FC}.Debug|Any CPU.Build.0 = Debug|Any CPU
		{5E32CF13-81E4-48C2-939F-7BFC7DDE15FC}.Release|Any CPU.ActiveCfg = Release|Any CPU
		{5E32CF13-81E4-48C2-939F-7BFC7DDE15FC}.Release|Any CPU.Build.0 = Release|Any CPU
		{587A509D-FB2A-4CD3-86B3-57A6B3C83E05}.Debug|Any CPU.ActiveCfg = Debug|Any CPU
		{587A509D-FB2A-4CD3-86B3-57A6B3C83E05}.Debug|Any CPU.Build.0 = Debug|Any CPU
		{587A509D-FB2A-4CD3-86B3-57A6B3C83E05}.Release|Any CPU.ActiveCfg = Release|Any CPU
		{587A509D-FB2A-4CD3-86B3-57A6B3C83E05}.Release|Any CPU.Build.0 = Release|Any CPU
		{F292A775-1EC8-4CB3-9964-33EF34A9F920}.Debug|Any CPU.ActiveCfg = Debug|Any CPU
		{F292A775-1EC8-4CB3-9964-33EF34A9F920}.Debug|Any CPU.Build.0 = Debug|Any CPU
		{F292A775-1EC8-4CB3-9964-33EF34A9F920}.Release|Any CPU.ActiveCfg = Release|Any CPU
		{F292A775-1EC8-4CB3-9964-33EF34A9F920}.Release|Any CPU.Build.0 = Release|Any CPU
		{8B482966-76F5-4DF5-A47E-6039C7746F06}.Debug|Any CPU.ActiveCfg = Debug|Any CPU
		{8B482966-76F5-4DF5-A47E-6039C7746F06}.Debug|Any CPU.Build.0 = Debug|Any CPU
		{8B482966-76F5-4DF5-A47E-6039C7746F06}.Release|Any CPU.ActiveCfg = Release|Any CPU
		{8B482966-76F5-4DF5-A47E-6039C7746F06}.Release|Any CPU.Build.0 = Release|Any CPU
	EndGlobalSection
	GlobalSection(SolutionProperties) = preSolution
		HideSolutionNode = FALSE
	EndGlobalSection
	GlobalSection(ExtensibilityGlobals) = postSolution
		SolutionGuid = {D15F71B6-C1E2-4512-A5CA-C5E2D0196A43}
	EndGlobalSection
	GlobalSection(NestedProjects) = preSolution
		{0BA19728-64B3-48A6-B4EB-34BC8449D492} = {A5B2B08E-F230-4954-93B2-A3127C6FEE9B}
		{296AA1DE-E877-4DE1-883F-249000BFF545} = {A5B2B08E-F230-4954-93B2-A3127C6FEE9B}
		{E6A5B336-C5E5-45AA-985A-CAFBD9D336C7} = {A5B2B08E-F230-4954-93B2-A3127C6FEE9B}
		{DAF0A9CB-0FA3-4122-BF30-39D9766C93AF} = {A5B2B08E-F230-4954-93B2-A3127C6FEE9B}
		{5D703BF6-B540-465A-8A5C-7DBF97468D70} = {A5B2B08E-F230-4954-93B2-A3127C6FEE9B}
		{E42CF1B5-53D4-4746-8DD4-63849876DB9B} = {A5B2B08E-F230-4954-93B2-A3127C6FEE9B}
		{E1DBC5A0-3AB8-4256-85C5-092C77EBD63D} = {A5B2B08E-F230-4954-93B2-A3127C6FEE9B}
		{69E8BF62-5065-459F-8885-67A45F5A67D6} = {3A2C63A3-BF8C-4D1F-BEB1-16BF4FBA3A85}
		{48EE8E90-8EBF-4E7B-BDC4-A32A9907CEB2} = {3A2C63A3-BF8C-4D1F-BEB1-16BF4FBA3A85}
		{48B312F1-14E2-4D44-B838-6FA1AFB36A80} = {44671C24-D3E3-4E72-9CF5-A26B4FBAF0EC}
		{8A435EE5-D743-4A44-96B5-6C1D0AFDB93A} = {44671C24-D3E3-4E72-9CF5-A26B4FBAF0EC}
		{EB1CC624-4FA8-4111-B5E4-64B108DF037A} = {44671C24-D3E3-4E72-9CF5-A26B4FBAF0EC}
		{5E32CF13-81E4-48C2-939F-7BFC7DDE15FC} = {44671C24-D3E3-4E72-9CF5-A26B4FBAF0EC}
		{587A509D-FB2A-4CD3-86B3-57A6B3C83E05} = {44671C24-D3E3-4E72-9CF5-A26B4FBAF0EC}
		{F292A775-1EC8-4CB3-9964-33EF34A9F920} = {44671C24-D3E3-4E72-9CF5-A26B4FBAF0EC}
		{8B482966-76F5-4DF5-A47E-6039C7746F06} = {44671C24-D3E3-4E72-9CF5-A26B4FBAF0EC}
	EndGlobalSection
EndGlobal
