
Microsoft Visual Studio Solution File, Format Version 12.00
# Visual Studio Version 16
VisualStudioVersion = 16.0.30320.27
MinimumVisualStudioVersion = 10.0.40219.1
Project("{9A19103F-16F7-4668-BE54-9A1E7A4F7556}") = "LunarDoggo.ConsoleIO", "LunarDoggo.Beginners.ConsoleIO\LunarDoggo.ConsoleIO.csproj", "{897DEAB7-A5F6-4030-89D8-0DE3AA6A71A3}"
EndProject
Project("{2150E333-8FDC-42A3-9474-1A3956D46DE8}") = "Solution Items", "Solution Items", "{0C6CDEED-71CC-4A40-8C27-7E267EFAAC88}"
	ProjectSection(SolutionItems) = preProject
		.gitignore = .gitignore
		LICENSE = LICENSE
		README.md = README.md
	EndProjectSection
EndProject
Project("{9A19103F-16F7-4668-BE54-9A1E7A4F7556}") = "LunarDoggo.ConsoleIOValidation", "LunarDoggo.Beginners.ConsoleIOValidation\LunarDoggo.ConsoleIOValidation.csproj", "{A8D83E8B-A5D8-4B74-AF98-46C1B458CAD2}"
EndProject
Project("{9A19103F-16F7-4668-BE54-9A1E7A4F7556}") = "LunarDoggo.FileSystemTree", "LunarDoggo.FileSystemTree\LunarDoggo.FileSystemTree.csproj", "{883884B1-0791-4C9F-B497-543FD7D7C228}"
EndProject
Project("{9A19103F-16F7-4668-BE54-9A1E7A4F7556}") = "LunarDoggo.QuizGame", "LunarDoggo.QuizGame\LunarDoggo.QuizGame.csproj", "{B95D0A2F-14F5-482A-8640-56B84AB570D3}"
EndProject
Project("{FAE04EC0-301F-11D3-BF4B-00C04F79EFBC}") = "LunarDoggo.TicTacToe", "LunarDoggo.TicTacToe\LunarDoggo.TicTacToe.csproj", "{6E55DCAE-9F1F-4438-843C-36A8C436FEE7}"
EndProject
Project("{2150E333-8FDC-42A3-9474-1A3956D46DE8}") = "LunarDoggo.QuizGame.Test", "LunarDoggo.QuizGame.Test", "{20E41D49-76EC-4459-815D-BD485D7F87FA}"
EndProject
Project("{FAE04EC0-301F-11D3-BF4B-00C04F79EFBC}") = "GameLoop_9934739d22", "LunarDoggo.QuizGame.Test\GameLoop_9934739d22\GameLoop_9934739d22.csproj", "{80638D39-257D-4A81-88CF-27FC2D4C5009}"
EndProject
Project("{FAE04EC0-301F-11D3-BF4B-00C04F79EFBC}") = "DoTick_de9d3caf03", "LunarDoggo.QuizGame.Test\DoTick_de9d3caf03\DoTick_de9d3caf03.csproj", "{1855E926-2BC0-4ED6-A85A-CBD08956B115}"
EndProject
Project("{FAE04EC0-301F-11D3-BF4B-00C04F79EFBC}") = "GameState_3381fc8da9", "LunarDoggo.QuizGame.Test\GameState_3381fc8da9\GameState_3381fc8da9.csproj", "{C94AAC88-A242-4155-A51B-538CADC5745E}"
EndProject
Project("{FAE04EC0-301F-11D3-BF4B-00C04F79EFBC}") = "MoveToNextQuestion_2455d33844", "LunarDoggo.QuizGame.Test\MoveToNextQuestion_2455d33844\MoveToNextQuestion_2455d33844.csproj", "{A0B1BA79-C12E-4CBD-ADC5-C65A3505A9A2}"
EndProject
Project("{FAE04EC0-301F-11D3-BF4B-00C04F79EFBC}") = "HighlightNextAnswer_945da34ac1", "LunarDoggo.QuizGame.Test\HighlightNextAnswer_945da34ac1\HighlightNextAnswer_945da34ac1.csproj", "{BD1A4E44-B575-481C-8A3E-3D0001BE23F8}"
EndProject
Project("{FAE04EC0-301F-11D3-BF4B-00C04F79EFBC}") = "HighlightPreviousAnswer_a80232d808", "LunarDoggo.QuizGame.Test\HighlightPreviousAnswer_a80232d808\HighlightPreviousAnswer_a80232d808.csproj", "{CE0F6A1D-8FED-40A4-A561-9DA511FD2B4B}"
EndProject
Project("{FAE04EC0-301F-11D3-BF4B-00C04F79EFBC}") = "AnswerQuestion_82d7e10041", "LunarDoggo.QuizGame.Test\AnswerQuestion_82d7e10041\AnswerQuestion_82d7e10041.csproj", "{3D8647B7-2E18-4A31-A6D5-88948B7240A9}"
EndProject
Project("{2150E333-8FDC-42A3-9474-1A3956D46DE8}") = "IO.Test", "IO.Test", "{B57EAF78-14AF-4AD2-AAB0-E6DD98E2CE8A}"
EndProject
Project("{FAE04EC0-301F-11D3-BF4B-00C04F79EFBC}") = "FileQuizQuestionSerializer_275fddd8e9", "IO.Test\FileQuizQuestionSerializer_275fddd8e9\FileQuizQuestionSerializer_275fddd8e9.csproj", "{B656F1E5-70AD-4369-A076-FCCFF53D79B4}"
EndProject
Project("{FAE04EC0-301F-11D3-BF4B-00C04F79EFBC}") = "DeserializeQuestions_e19f50e5a6", "IO.Test\DeserializeQuestions_e19f50e5a6\DeserializeQuestions_e19f50e5a6.csproj", "{25BF5A9E-5B6B-4FF9-9A2A-A8CCCC95C2DB}"
EndProject
Project("{2150E333-8FDC-42A3-9474-1A3956D46DE8}") = "Visuals.Test", "Visuals.Test", "{F3CDBA77-27B6-45B2-8CD3-57615D29151B}"
EndProject
Project("{FAE04EC0-301F-11D3-BF4B-00C04F79EFBC}") = "ConsoleVisualizer_55b6cef3d0", "Visuals.Test\ConsoleVisualizer_55b6cef3d0\ConsoleVisualizer_55b6cef3d0.csproj", "{5C960978-46B5-473B-9E0D-4D3500D298EA}"
EndProject
Project("{FAE04EC0-301F-11D3-BF4B-00C04F79EFBC}") = "DrawNoQuestions_a3570fb089", "Visuals.Test\DrawNoQuestions_a3570fb089\DrawNoQuestions_a3570fb089.csproj", "{493B6743-0052-4A05-A1C4-0BCD9BCBBF98}"
EndProject
Project("{FAE04EC0-301F-11D3-BF4B-00C04F79EFBC}") = "DrawAnswerStatus_27e98f06a4", "Visuals.Test\DrawAnswerStatus_27e98f06a4\DrawAnswerStatus_27e98f06a4.csproj", "{1482A7F4-6BAF-49CC-92FF-C6361E6B1D5D}"
EndProject
Project("{FAE04EC0-301F-11D3-BF4B-00C04F79EFBC}") = "DrawQuizQuestion_1d352aaa00", "Visuals.Test\DrawQuizQuestion_1d352aaa00\DrawQuizQuestion_1d352aaa00.csproj", "{902A6EEE-3C84-47F4-A2C4-B2F3F60B0D48}"
EndProject
Project("{FAE04EC0-301F-11D3-BF4B-00C04F79EFBC}") = "DrawGameStart_977689871e", "Visuals.Test\DrawGameStart_977689871e\DrawGameStart_977689871e.csproj", "{1A27CB6E-2FBC-45CA-8A4C-993D7845CE5A}"
EndProject
Project("{FAE04EC0-301F-11D3-BF4B-00C04F79EFBC}") = "DrawGameResult_127a94cb29", "Visuals.Test\DrawGameResult_127a94cb29\DrawGameResult_127a94cb29.csproj", "{5408AF7A-BEEB-4182-A6F1-4B7315A7A375}"
EndProject
Project("{FAE04EC0-301F-11D3-BF4B-00C04F79EFBC}") = "DrawPlayAgain_0355656c5f", "Visuals.Test\DrawPlayAgain_0355656c5f\DrawPlayAgain_0355656c5f.csproj", "{ED540B74-EA84-493A-8AAC-745FE686C58C}"
EndProject
Global
	GlobalSection(SolutionConfigurationPlatforms) = preSolution
		Debug|Any CPU = Debug|Any CPU
		Release|Any CPU = Release|Any CPU
	EndGlobalSection
	GlobalSection(ProjectConfigurationPlatforms) = postSolution
		{897DEAB7-A5F6-4030-89D8-0DE3AA6A71A3}.Debug|Any CPU.ActiveCfg = Debug|Any CPU
		{897DEAB7-A5F6-4030-89D8-0DE3AA6A71A3}.Debug|Any CPU.Build.0 = Debug|Any CPU
		{897DEAB7-A5F6-4030-89D8-0DE3AA6A71A3}.Release|Any CPU.ActiveCfg = Release|Any CPU
		{897DEAB7-A5F6-4030-89D8-0DE3AA6A71A3}.Release|Any CPU.Build.0 = Release|Any CPU
		{A8D83E8B-A5D8-4B74-AF98-46C1B458CAD2}.Debug|Any CPU.ActiveCfg = Debug|Any CPU
		{A8D83E8B-A5D8-4B74-AF98-46C1B458CAD2}.Debug|Any CPU.Build.0 = Debug|Any CPU
		{A8D83E8B-A5D8-4B74-AF98-46C1B458CAD2}.Release|Any CPU.ActiveCfg = Release|Any CPU
		{A8D83E8B-A5D8-4B74-AF98-46C1B458CAD2}.Release|Any CPU.Build.0 = Release|Any CPU
		{883884B1-0791-4C9F-B497-543FD7D7C228}.Debug|Any CPU.ActiveCfg = Debug|Any CPU
		{883884B1-0791-4C9F-B497-543FD7D7C228}.Debug|Any CPU.Build.0 = Debug|Any CPU
		{883884B1-0791-4C9F-B497-543FD7D7C228}.Release|Any CPU.ActiveCfg = Release|Any CPU
		{883884B1-0791-4C9F-B497-543FD7D7C228}.Release|Any CPU.Build.0 = Release|Any CPU
		{B95D0A2F-14F5-482A-8640-56B84AB570D3}.Debug|Any CPU.ActiveCfg = Debug|Any CPU
		{B95D0A2F-14F5-482A-8640-56B84AB570D3}.Debug|Any CPU.Build.0 = Debug|Any CPU
		{B95D0A2F-14F5-482A-8640-56B84AB570D3}.Release|Any CPU.ActiveCfg = Release|Any CPU
		{B95D0A2F-14F5-482A-8640-56B84AB570D3}.Release|Any CPU.Build.0 = Release|Any CPU
		{6E55DCAE-9F1F-4438-843C-36A8C436FEE7}.Debug|Any CPU.ActiveCfg = Debug|Any CPU
		{6E55DCAE-9F1F-4438-843C-36A8C436FEE7}.Debug|Any CPU.Build.0 = Debug|Any CPU
		{6E55DCAE-9F1F-4438-843C-36A8C436FEE7}.Release|Any CPU.ActiveCfg = Release|Any CPU
		{6E55DCAE-9F1F-4438-843C-36A8C436FEE7}.Release|Any CPU.Build.0 = Release|Any CPU
		{80638D39-257D-4A81-88CF-27FC2D4C5009}.Debug|Any CPU.ActiveCfg = Debug|Any CPU
		{80638D39-257D-4A81-88CF-27FC2D4C5009}.Debug|Any CPU.Build.0 = Debug|Any CPU
		{80638D39-257D-4A81-88CF-27FC2D4C5009}.Release|Any CPU.ActiveCfg = Release|Any CPU
		{80638D39-257D-4A81-88CF-27FC2D4C5009}.Release|Any CPU.Build.0 = Release|Any CPU
		{1855E926-2BC0-4ED6-A85A-CBD08956B115}.Debug|Any CPU.ActiveCfg = Debug|Any CPU
		{1855E926-2BC0-4ED6-A85A-CBD08956B115}.Debug|Any CPU.Build.0 = Debug|Any CPU
		{1855E926-2BC0-4ED6-A85A-CBD08956B115}.Release|Any CPU.ActiveCfg = Release|Any CPU
		{1855E926-2BC0-4ED6-A85A-CBD08956B115}.Release|Any CPU.Build.0 = Release|Any CPU
		{C94AAC88-A242-4155-A51B-538CADC5745E}.Debug|Any CPU.ActiveCfg = Debug|Any CPU
		{C94AAC88-A242-4155-A51B-538CADC5745E}.Debug|Any CPU.Build.0 = Debug|Any CPU
		{C94AAC88-A242-4155-A51B-538CADC5745E}.Release|Any CPU.ActiveCfg = Release|Any CPU
		{C94AAC88-A242-4155-A51B-538CADC5745E}.Release|Any CPU.Build.0 = Release|Any CPU
		{A0B1BA79-C12E-4CBD-ADC5-C65A3505A9A2}.Debug|Any CPU.ActiveCfg = Debug|Any CPU
		{A0B1BA79-C12E-4CBD-ADC5-C65A3505A9A2}.Debug|Any CPU.Build.0 = Debug|Any CPU
		{A0B1BA79-C12E-4CBD-ADC5-C65A3505A9A2}.Release|Any CPU.ActiveCfg = Release|Any CPU
		{A0B1BA79-C12E-4CBD-ADC5-C65A3505A9A2}.Release|Any CPU.Build.0 = Release|Any CPU
		{BD1A4E44-B575-481C-8A3E-3D0001BE23F8}.Debug|Any CPU.ActiveCfg = Debug|Any CPU
		{BD1A4E44-B575-481C-8A3E-3D0001BE23F8}.Debug|Any CPU.Build.0 = Debug|Any CPU
		{BD1A4E44-B575-481C-8A3E-3D0001BE23F8}.Release|Any CPU.ActiveCfg = Release|Any CPU
		{BD1A4E44-B575-481C-8A3E-3D0001BE23F8}.Release|Any CPU.Build.0 = Release|Any CPU
		{CE0F6A1D-8FED-40A4-A561-9DA511FD2B4B}.Debug|Any CPU.ActiveCfg = Debug|Any CPU
		{CE0F6A1D-8FED-40A4-A561-9DA511FD2B4B}.Debug|Any CPU.Build.0 = Debug|Any CPU
		{CE0F6A1D-8FED-40A4-A561-9DA511FD2B4B}.Release|Any CPU.ActiveCfg = Release|Any CPU
		{CE0F6A1D-8FED-40A4-A561-9DA511FD2B4B}.Release|Any CPU.Build.0 = Release|Any CPU
		{3D8647B7-2E18-4A31-A6D5-88948B7240A9}.Debug|Any CPU.ActiveCfg = Debug|Any CPU
		{3D8647B7-2E18-4A31-A6D5-88948B7240A9}.Debug|Any CPU.Build.0 = Debug|Any CPU
		{3D8647B7-2E18-4A31-A6D5-88948B7240A9}.Release|Any CPU.ActiveCfg = Release|Any CPU
		{3D8647B7-2E18-4A31-A6D5-88948B7240A9}.Release|Any CPU.Build.0 = Release|Any CPU
		{B656F1E5-70AD-4369-A076-FCCFF53D79B4}.Debug|Any CPU.ActiveCfg = Debug|Any CPU
		{B656F1E5-70AD-4369-A076-FCCFF53D79B4}.Debug|Any CPU.Build.0 = Debug|Any CPU
		{B656F1E5-70AD-4369-A076-FCCFF53D79B4}.Release|Any CPU.ActiveCfg = Release|Any CPU
		{B656F1E5-70AD-4369-A076-FCCFF53D79B4}.Release|Any CPU.Build.0 = Release|Any CPU
		{25BF5A9E-5B6B-4FF9-9A2A-A8CCCC95C2DB}.Debug|Any CPU.ActiveCfg = Debug|Any CPU
		{25BF5A9E-5B6B-4FF9-9A2A-A8CCCC95C2DB}.Debug|Any CPU.Build.0 = Debug|Any CPU
		{25BF5A9E-5B6B-4FF9-9A2A-A8CCCC95C2DB}.Release|Any CPU.ActiveCfg = Release|Any CPU
		{25BF5A9E-5B6B-4FF9-9A2A-A8CCCC95C2DB}.Release|Any CPU.Build.0 = Release|Any CPU
		{5C960978-46B5-473B-9E0D-4D3500D298EA}.Debug|Any CPU.ActiveCfg = Debug|Any CPU
		{5C960978-46B5-473B-9E0D-4D3500D298EA}.Debug|Any CPU.Build.0 = Debug|Any CPU
		{5C960978-46B5-473B-9E0D-4D3500D298EA}.Release|Any CPU.ActiveCfg = Release|Any CPU
		{5C960978-46B5-473B-9E0D-4D3500D298EA}.Release|Any CPU.Build.0 = Release|Any CPU
		{493B6743-0052-4A05-A1C4-0BCD9BCBBF98}.Debug|Any CPU.ActiveCfg = Debug|Any CPU
		{493B6743-0052-4A05-A1C4-0BCD9BCBBF98}.Debug|Any CPU.Build.0 = Debug|Any CPU
		{493B6743-0052-4A05-A1C4-0BCD9BCBBF98}.Release|Any CPU.ActiveCfg = Release|Any CPU
		{493B6743-0052-4A05-A1C4-0BCD9BCBBF98}.Release|Any CPU.Build.0 = Release|Any CPU
		{1482A7F4-6BAF-49CC-92FF-C6361E6B1D5D}.Debug|Any CPU.ActiveCfg = Debug|Any CPU
		{1482A7F4-6BAF-49CC-92FF-C6361E6B1D5D}.Debug|Any CPU.Build.0 = Debug|Any CPU
		{1482A7F4-6BAF-49CC-92FF-C6361E6B1D5D}.Release|Any CPU.ActiveCfg = Release|Any CPU
		{1482A7F4-6BAF-49CC-92FF-C6361E6B1D5D}.Release|Any CPU.Build.0 = Release|Any CPU
		{902A6EEE-3C84-47F4-A2C4-B2F3F60B0D48}.Debug|Any CPU.ActiveCfg = Debug|Any CPU
		{902A6EEE-3C84-47F4-A2C4-B2F3F60B0D48}.Debug|Any CPU.Build.0 = Debug|Any CPU
		{902A6EEE-3C84-47F4-A2C4-B2F3F60B0D48}.Release|Any CPU.ActiveCfg = Release|Any CPU
		{902A6EEE-3C84-47F4-A2C4-B2F3F60B0D48}.Release|Any CPU.Build.0 = Release|Any CPU
		{1A27CB6E-2FBC-45CA-8A4C-993D7845CE5A}.Debug|Any CPU.ActiveCfg = Debug|Any CPU
		{1A27CB6E-2FBC-45CA-8A4C-993D7845CE5A}.Debug|Any CPU.Build.0 = Debug|Any CPU
		{1A27CB6E-2FBC-45CA-8A4C-993D7845CE5A}.Release|Any CPU.ActiveCfg = Release|Any CPU
		{1A27CB6E-2FBC-45CA-8A4C-993D7845CE5A}.Release|Any CPU.Build.0 = Release|Any CPU
		{5408AF7A-BEEB-4182-A6F1-4B7315A7A375}.Debug|Any CPU.ActiveCfg = Debug|Any CPU
		{5408AF7A-BEEB-4182-A6F1-4B7315A7A375}.Debug|Any CPU.Build.0 = Debug|Any CPU
		{5408AF7A-BEEB-4182-A6F1-4B7315A7A375}.Release|Any CPU.ActiveCfg = Release|Any CPU
		{5408AF7A-BEEB-4182-A6F1-4B7315A7A375}.Release|Any CPU.Build.0 = Release|Any CPU
		{ED540B74-EA84-493A-8AAC-745FE686C58C}.Debug|Any CPU.ActiveCfg = Debug|Any CPU
		{ED540B74-EA84-493A-8AAC-745FE686C58C}.Debug|Any CPU.Build.0 = Debug|Any CPU
		{ED540B74-EA84-493A-8AAC-745FE686C58C}.Release|Any CPU.ActiveCfg = Release|Any CPU
		{ED540B74-EA84-493A-8AAC-745FE686C58C}.Release|Any CPU.Build.0 = Release|Any CPU
	EndGlobalSection
	GlobalSection(SolutionProperties) = preSolution
		HideSolutionNode = FALSE
	EndGlobalSection
	GlobalSection(ExtensibilityGlobals) = postSolution
		SolutionGuid = {D15F71B6-C1E2-4512-A5CA-C5E2D0196A43}
	EndGlobalSection
	GlobalSection(NestedProjects) = preSolution
		{80638D39-257D-4A81-88CF-27FC2D4C5009} = {20E41D49-76EC-4459-815D-BD485D7F87FA}
		{1855E926-2BC0-4ED6-A85A-CBD08956B115} = {20E41D49-76EC-4459-815D-BD485D7F87FA}
		{C94AAC88-A242-4155-A51B-538CADC5745E} = {20E41D49-76EC-4459-815D-BD485D7F87FA}
		{A0B1BA79-C12E-4CBD-ADC5-C65A3505A9A2} = {20E41D49-76EC-4459-815D-BD485D7F87FA}
		{BD1A4E44-B575-481C-8A3E-3D0001BE23F8} = {20E41D49-76EC-4459-815D-BD485D7F87FA}
		{CE0F6A1D-8FED-40A4-A561-9DA511FD2B4B} = {20E41D49-76EC-4459-815D-BD485D7F87FA}
		{3D8647B7-2E18-4A31-A6D5-88948B7240A9} = {20E41D49-76EC-4459-815D-BD485D7F87FA}
		{B656F1E5-70AD-4369-A076-FCCFF53D79B4} = {B57EAF78-14AF-4AD2-AAB0-E6DD98E2CE8A}
		{25BF5A9E-5B6B-4FF9-9A2A-A8CCCC95C2DB} = {B57EAF78-14AF-4AD2-AAB0-E6DD98E2CE8A}
		{5C960978-46B5-473B-9E0D-4D3500D298EA} = {F3CDBA77-27B6-45B2-8CD3-57615D29151B}
		{493B6743-0052-4A05-A1C4-0BCD9BCBBF98} = {F3CDBA77-27B6-45B2-8CD3-57615D29151B}
		{1482A7F4-6BAF-49CC-92FF-C6361E6B1D5D} = {F3CDBA77-27B6-45B2-8CD3-57615D29151B}
		{902A6EEE-3C84-47F4-A2C4-B2F3F60B0D48} = {F3CDBA77-27B6-45B2-8CD3-57615D29151B}
		{1A27CB6E-2FBC-45CA-8A4C-993D7845CE5A} = {F3CDBA77-27B6-45B2-8CD3-57615D29151B}
		{5408AF7A-BEEB-4182-A6F1-4B7315A7A375} = {F3CDBA77-27B6-45B2-8CD3-57615D29151B}
		{ED540B74-EA84-493A-8AAC-745FE686C58C} = {F3CDBA77-27B6-45B2-8CD3-57615D29151B}
	EndGlobalSection
EndGlobal
